// !$*UTF8*$!
{
	archiveVersion = 1;
	classes = {
	};
	objectVersion = 50;
	objects = {

/* Begin PBXBuildFile section */
		18911CD525907A4B0097636B /* AppDelegate.swift in Sources */ = {isa = PBXBuildFile; fileRef = 18911CD425907A4B0097636B /* AppDelegate.swift */; };
		18911CD725907A4B0097636B /* SceneDelegate.swift in Sources */ = {isa = PBXBuildFile; fileRef = 18911CD625907A4B0097636B /* SceneDelegate.swift */; };
		18911CD925907A4B0097636B /* ViewController.swift in Sources */ = {isa = PBXBuildFile; fileRef = 18911CD825907A4B0097636B /* ViewController.swift */; };
		18911CDC25907A4B0097636B /* Main.storyboard in Resources */ = {isa = PBXBuildFile; fileRef = 18911CDA25907A4B0097636B /* Main.storyboard */; };
		18911CDF25907A4B0097636B /* SynovergeByHp.xcdatamodeld in Sources */ = {isa = PBXBuildFile; fileRef = 18911CDD25907A4B0097636B /* SynovergeByHp.xcdatamodeld */; };
		18911CE125907A550097636B /* Assets.xcassets in Resources */ = {isa = PBXBuildFile; fileRef = 18911CE025907A550097636B /* Assets.xcassets */; };
		18911CE425907A550097636B /* LaunchScreen.storyboard in Resources */ = {isa = PBXBuildFile; fileRef = 18911CE225907A550097636B /* LaunchScreen.storyboard */; };
/* End PBXBuildFile section */

/* Begin PBXFileReference section */
		18911CD125907A4B0097636B /* SynovergeByHp.app */ = {isa = PBXFileReference; explicitFileType = wrapper.application; includeInIndex = 0; path = SynovergeByHp.app; sourceTree = BUILT_PRODUCTS_DIR; };
		18911CD425907A4B0097636B /* AppDelegate.swift */ = {isa = PBXFileReference; lastKnownFileType = sourcecode.swift; path = AppDelegate.swift; sourceTree = "<group>"; };
		18911CD625907A4B0097636B /* SceneDelegate.swift */ = {isa = PBXFileReference; lastKnownFileType = sourcecode.swift; path = SceneDelegate.swift; sourceTree = "<group>"; };
		18911CD825907A4B0097636B /* ViewController.swift */ = {isa = PBXFileReference; lastKnownFileType = sourcecode.swift; path = ViewController.swift; sourceTree = "<group>"; };
		18911CDB25907A4B0097636B /* Base */ = {isa = PBXFileReference; lastKnownFileType = file.storyboard; name = Base; path = Base.lproj/Main.storyboard; sourceTree = "<group>"; };
		18911CDE25907A4B0097636B /* SynovergeByHp.xcdatamodel */ = {isa = PBXFileReference; lastKnownFileType = wrapper.xcdatamodel; path = SynovergeByHp.xcdatamodel; sourceTree = "<group>"; };
		18911CE025907A550097636B /* Assets.xcassets */ = {isa = PBXFileReference; lastKnownFileType = folder.assetcatalog; path = Assets.xcassets; sourceTree = "<group>"; };
		18911CE325907A550097636B /* Base */ = {isa = PBXFileReference; lastKnownFileType = file.storyboard; name = Base; path = Base.lproj/LaunchScreen.storyboard; sourceTree = "<group>"; };
		18911CE525907A550097636B /* Info.plist */ = {isa = PBXFileReference; lastKnownFileType = text.plist.xml; path = Info.plist; sourceTree = "<group>"; };
/* End PBXFileReference section */

/* Begin PBXFrameworksBuildPhase section */
		18911CCE25907A4A0097636B /* Frameworks */ = {
			isa = PBXFrameworksBuildPhase;
			buildActionMask = 2147483647;
			files = (
			);
			runOnlyForDeploymentPostprocessing = 0;
		};
/* End PBXFrameworksBuildPhase section */

/* Begin PBXGroup section */
		18911CC825907A4A0097636B = {
			isa = PBXGroup;
			children = (
				18911CD325907A4B0097636B /* SynovergeByHp */,
				18911CD225907A4B0097636B /* Products */,
			);
			sourceTree = "<group>";
		};
		18911CD225907A4B0097636B /* Products */ = {
			isa = PBXGroup;
			children = (
				18911CD125907A4B0097636B /* SynovergeByHp.app */,
			);
			name = Products;
			sourceTree = "<group>";
		};
		18911CD325907A4B0097636B /* SynovergeByHp */ = {
			isa = PBXGroup;
			children = (
				18911CD425907A4B0097636B /* AppDelegate.swift */,
				18911CD625907A4B0097636B /* SceneDelegate.swift */,
				18911CD825907A4B0097636B /* ViewController.swift */,
				18911CDA25907A4B0097636B /* Main.storyboard */,
				18911CE025907A550097636B /* Assets.xcassets */,
				18911CE225907A550097636B /* LaunchScreen.storyboard */,
				18911CE525907A550097636B /* Info.plist */,
				18911CDD25907A4B0097636B /* SynovergeByHp.xcdatamodeld */,
			);
			path = SynovergeByHp;
			sourceTree = "<group>";
		};
/* End PBXGroup section */

/* Begin PBXNativeTarget section */
		18911CD025907A4A0097636B /* SynovergeByHp */ = {
			isa = PBXNativeTarget;
			buildConfigurationList = 18911CE825907A550097636B /* Build configuration list for PBXNativeTarget "SynovergeByHp" */;
			buildPhases = (
				18911CCD25907A4A0097636B /* Sources */,
				18911CCE25907A4A0097636B /* Frameworks */,
				18911CCF25907A4A0097636B /* Resources */,
			);
			buildRules = (
			);
			dependencies = (
			);
			name = SynovergeByHp;
			productName = SynovergeByHp;
			productReference = 18911CD125907A4B0097636B /* SynovergeByHp.app */;
			productType = "com.apple.product-type.application";
		};
/* End PBXNativeTarget section */

/* Begin PBXProject section */
		18911CC925907A4A0097636B /* Project object */ = {
			isa = PBXProject;
			attributes = {
				LastSwiftUpdateCheck = 1210;
				LastUpgradeCheck = 1210;
				TargetAttributes = {
					18911CD025907A4A0097636B = {
						CreatedOnToolsVersion = 12.1;
					};
				};
			};
			buildConfigurationList = 18911CCC25907A4A0097636B /* Build configuration list for PBXProject "SynovergeByHp" */;
			compatibilityVersion = "Xcode 9.3";
			developmentRegion = en;
			hasScannedForEncodings = 0;
			knownRegions = (
				en,
				Base,
			);
			mainGroup = 18911CC825907A4A0097636B;
			productRefGroup = 18911CD225907A4B0097636B /* Products */;
			projectDirPath = "";
			projectRoot = "";
			targets = (
				18911CD025907A4A0097636B /* SynovergeByHp */,
			);
		};
/* End PBXProject section */

/* Begin PBXResourcesBuildPhase section */
		18911CCF25907A4A0097636B /* Resources */ = {
			isa = PBXResourcesBuildPhase;
			buildActionMask = 2147483647;
			files = (
				18911CE425907A550097636B /* LaunchScreen.storyboard in Resources */,
				18911CE125907A550097636B /* Assets.xcassets in Resources */,
				18911CDC25907A4B0097636B /* Main.storyboard in Resources */,
			);
			runOnlyForDeploymentPostprocessing = 0;
		};
/* End PBXResourcesBuildPhase section */

/* Begin PBXSourcesBuildPhase section */
		18911CCD25907A4A0097636B /* Sources */ = {
			isa = PBXSourcesBuildPhase;
			buildActionMask = 2147483647;
			files = (
				18911CD925907A4B0097636B /* ViewController.swift in Sources */,
				18911CD525907A4B0097636B /* AppDelegate.swift in Sources */,
				18911CD725907A4B0097636B /* SceneDelegate.swift in Sources */,
				18911CDF25907A4B0097636B /* SynovergeByHp.xcdatamodeld in Sources */,
			);
			runOnlyForDeploymentPostprocessing = 0;
		};
/* End PBXSourcesBuildPhase section */

/* Begin PBXVariantGroup section */
		18911CDA25907A4B0097636B /* Main.storyboard */ = {
			isa = PBXVariantGroup;
			children = (
				18911CDB25907A4B0097636B /* Base */,
			);
			name = Main.storyboard;
			sourceTree = "<group>";
		};
		18911CE225907A550097636B /* LaunchScreen.storyboard */ = {
			isa = PBXVariantGroup;
			children = (
				18911CE325907A550097636B /* Base */,
			);
			name = LaunchScreen.storyboard;
			sourceTree = "<group>";
		};
/* End PBXVariantGroup section */

/* Begin XCBuildConfiguration section */
		18911CE625907A550097636B /* Debug */ = {
			isa = XCBuildConfiguration;
			buildSettings = {
				ALWAYS_SEARCH_USER_PATHS = NO;
				CLANG_ANALYZER_NONNULL = YES;
				CLANG_ANALYZER_NUMBER_OBJECT_CONVERSION = YES_AGGRESSIVE;
				CLANG_CXX_LANGUAGE_STANDARD = "gnu++14";
				CLANG_CXX_LIBRARY = "libc++";
				CLANG_ENABLE_MODULES = YES;
				CLANG_ENABLE_OBJC_ARC = YES;
				CLANG_ENABLE_OBJC_WEAK = YES;
				CLANG_WARN_BLOCK_CAPTURE_AUTORELEASING = YES;
				CLANG_WARN_BOOL_CONVERSION = YES;
				CLANG_WARN_COMMA = YES;
				CLANG_WARN_CONSTANT_CONVERSION = YES;
				CLANG_WARN_DEPRECATED_OBJC_IMPLEMENTATIONS = YES;
				CLANG_WARN_DIRECT_OBJC_ISA_USAGE = YES_ERROR;
				CLANG_WARN_DOCUMENTATION_COMMENTS = YES;
				CLANG_WARN_EMPTY_BODY = YES;
				CLANG_WARN_ENUM_CONVERSION = YES;
				CLANG_WARN_INFINITE_RECURSION = YES;
				CLANG_WARN_INT_CONVERSION = YES;
				CLANG_WARN_NON_LITERAL_NULL_CONVERSION = YES;
				CLANG_WARN_OBJC_IMPLICIT_RETAIN_SELF = YES;
				CLANG_WARN_OBJC_LITERAL_CONVERSION = YES;
				CLANG_WARN_OBJC_ROOT_CLASS = YES_ERROR;
				CLANG_WARN_QUOTED_INCLUDE_IN_FRAMEWORK_HEADER = YES;
				CLANG_WARN_RANGE_LOOP_ANALYSIS = YES;
				CLANG_WARN_STRICT_PROTOTYPES = YES;
				CLANG_WARN_SUSPICIOUS_MOVE = YES;
				CLANG_WARN_UNGUARDED_AVAILABILITY = YES_AGGRESSIVE;
				CLANG_WARN_UNREACHABLE_CODE = YES;
				CLANG_WARN__DUPLICATE_METHOD_MATCH = YES;
				COPY_PHASE_STRIP = NO;
				DEBUG_INFORMATION_FORMAT = dwarf;
				ENABLE_STRICT_OBJC_MSGSEND = YES;
				ENABLE_TESTABILITY = YES;
				GCC_C_LANGUAGE_STANDARD = gnu11;
				GCC_DYNAMIC_NO_PIC = NO;
				GCC_NO_COMMON_BLOCKS = YES;
				GCC_OPTIMIZATION_LEVEL = 0;
				GCC_PREPROCESSOR_DEFINITIONS = (
					"DEBUG=1",
					"$(inherited)",
				);
				GCC_WARN_64_TO_32_BIT_CONVERSION = YES;
				GCC_WARN_ABOUT_RETURN_TYPE = YES_ERROR;
				GCC_WARN_UNDECLARED_SELECTOR = YES;
				GCC_WARN_UNINITIALIZED_AUTOS = YES_AGGRESSIVE;
				GCC_WARN_UNUSED_FUNCTION = YES;
				GCC_WARN_UNUSED_VARIABLE = YES;
				IPHONEOS_DEPLOYMENT_TARGET = 14.1;
				MTL_ENABLE_DEBUG_INFO = INCLUDE_SOURCE;
				MTL_FAST_MATH = YES;
				ONLY_ACTIVE_ARCH = YES;
				SDKROOT = iphoneos;
				SWIFT_ACTIVE_COMPILATION_CONDITIONS = DEBUG;
				SWIFT_OPTIMIZATION_LEVEL = "-Onone";
			};
			name = Debug;
		};
		18911CE725907A550097636B /* Release */ = {
			isa = XCBuildConfiguration;
			buildSettings = {
				ALWAYS_SEARCH_USER_PATHS = NO;
				CLANG_ANALYZER_NONNULL = YES;
				CLANG_ANALYZER_NUMBER_OBJECT_CONVERSION = YES_AGGRESSIVE;
				CLANG_CXX_LANGUAGE_STANDARD = "gnu++14";
				CLANG_CXX_LIBRARY = "libc++";
				CLANG_ENABLE_MODULES = YES;
				CLANG_ENABLE_OBJC_ARC = YES;
				CLANG_ENABLE_OBJC_WEAK = YES;
				CLANG_WARN_BLOCK_CAPTURE_AUTORELEASING = YES;
				CLANG_WARN_BOOL_CONVERSION = YES;
				CLANG_WARN_COMMA = YES;
				CLANG_WARN_CONSTANT_CONVERSION = YES;
				CLANG_WARN_DEPRECATED_OBJC_IMPLEMENTATIONS = YES;
				CLANG_WARN_DIRECT_OBJC_ISA_USAGE = YES_ERROR;
				CLANG_WARN_DOCUMENTATION_COMMENTS = YES;
				CLANG_WARN_EMPTY_BODY = YES;
				CLANG_WARN_ENUM_CONVERSION = YES;
				CLANG_WARN_INFINITE_RECURSION = YES;
				CLANG_WARN_INT_CONVERSION = YES;
				CLANG_WARN_NON_LITERAL_NULL_CONVERSION = YES;
				CLANG_WARN_OBJC_IMPLICIT_RETAIN_SELF = YES;
				CLANG_WARN_OBJC_LITERAL_CONVERSION = YES;
				CLANG_WARN_OBJC_ROOT_CLASS = YES_ERROR;
				CLANG_WARN_QUOTED_INCLUDE_IN_FRAMEWORK_HEADER = YES;
				CLANG_WARN_RANGE_LOOP_ANALYSIS = YES;
				CLANG_WARN_STRICT_PROTOTYPES = YES;
				CLANG_WARN_SUSPICIOUS_MOVE = YES;
				CLANG_WARN_UNGUARDED_AVAILABILITY = YES_AGGRESSIVE;
				CLANG_WARN_UNREACHABLE_CODE = YES;
				CLANG_WARN__DUPLICATE_METHOD_MATCH = YES;
				COPY_PHASE_STRIP = NO;
				DEBUG_INFORMATION_FORMAT = "dwarf-with-dsym";
				ENABLE_NS_ASSERTIONS = NO;
				ENABLE_STRICT_OBJC_MSGSEND = YES;
				GCC_C_LANGUAGE_STANDARD = gnu11;
				GCC_NO_COMMON_BLOCKS = YES;
				GCC_WARN_64_TO_32_BIT_CONVERSION = YES;
				GCC_WARN_ABOUT_RETURN_TYPE = YES_ERROR;
				GCC_WARN_UNDECLARED_SELECTOR = YES;
				GCC_WARN_UNINITIALIZED_AUTOS = YES_AGGRESSIVE;
				GCC_WARN_UNUSED_FUNCTION = YES;
				GCC_WARN_UNUSED_VARIABLE = YES;
				IPHONEOS_DEPLOYMENT_TARGET = 14.1;
				MTL_ENABLE_DEBUG_INFO = NO;
				MTL_FAST_MATH = YES;
				SDKROOT = iphoneos;
				SWIFT_COMPILATION_MODE = wholemodule;
				SWIFT_OPTIMIZATION_LEVEL = "-O";
				VALIDATE_PRODUCT = YES;
			};
			name = Release;
		};
		18911CE925907A550097636B /* Debug */ = {
			isa = XCBuildConfiguration;
			buildSettings = {
				ASSETCATALOG_COMPILER_APPICON_NAME = AppIcon;
				ASSETCATALOG_COMPILER_GLOBAL_ACCENT_COLOR_NAME = AccentColor;
				CODE_SIGN_STYLE = Automatic;
				DEVELOPMENT_TEAM = 7TTQCLNJRT;
				INFOPLIST_FILE = SynovergeByHp/Info.plist;
				LD_RUNPATH_SEARCH_PATHS = (
					"$(inherited)",
					"@executable_path/Frameworks",
				);
				PRODUCT_BUNDLE_IDENTIFIER = com.Synoverge.hp.SynovergeByHp;
				PRODUCT_NAME = "$(TARGET_NAME)";
				SWIFT_VERSION = 5.0;
				TARGETED_DEVICE_FAMILY = "1,2";
			};
			name = Debug;
		};
		18911CEA25907A550097636B /* Release */ = {
			isa = XCBuildConfiguration;
			buildSettings = {
				ASSETCATALOG_COMPILER_APPICON_NAME = AppIcon;
				ASSETCATALOG_COMPILER_GLOBAL_ACCENT_COLOR_NAME = AccentColor;
				CODE_SIGN_STYLE = Automatic;
				DEVELOPMENT_TEAM = 7TTQCLNJRT;
				INFOPLIST_FILE = SynovergeByHp/Info.plist;
				LD_RUNPATH_SEARCH_PATHS = (
					"$(inherited)",
					"@executable_path/Frameworks",
				);
				PRODUCT_BUNDLE_IDENTIFIER = com.Synoverge.hp.SynovergeByHp;
				PRODUCT_NAME = "$(TARGET_NAME)";
				SWIFT_VERSION = 5.0;
				TARGETED_DEVICE_FAMILY = "1,2";
			};
			name = Release;
		};
/* End XCBuildConfiguration section */

/* Begin XCConfigurationList section */
		18911CCC25907A4A0097636B /* Build configuration list for PBXProject "SynovergeByHp" */ = {
			isa = XCConfigurationList;
			buildConfigurations = (
				18911CE625907A550097636B /* Debug */,
				18911CE725907A550097636B /* Release */,
			);
			defaultConfigurationIsVisible = 0;
			defaultConfigurationName = Release;
		};
		18911CE825907A550097636B /* Build configuration list for PBXNativeTarget "SynovergeByHp" */ = {
			isa = XCConfigurationList;
			buildConfigurations = (
				18911CE925907A550097636B /* Debug */,
				18911CEA25907A550097636B /* Release */,
			);
			defaultConfigurationIsVisible = 0;
			defaultConfigurationName = Release;
		};
/* End XCConfigurationList section */

/* Begin XCVersionGroup section */
		18911CDD25907A4B0097636B /* SynovergeByHp.xcdatamodeld */ = {
			isa = XCVersionGroup;
			children = (
				18911CDE25907A4B0097636B /* SynovergeByHp.xcdatamodel */,
			);
			currentVersion = 18911CDE25907A4B0097636B /* SynovergeByHp.xcdatamodel */;
			path = SynovergeByHp.xcdatamodeld;
			sourceTree = "<group>";
			versionGroupType = wrapper.xcdatamodel;
		};
/* End XCVersionGroup section */
	};
	rootObject = 18911CC925907A4A0097636B /* Project object */;
}
