// !$*UTF8*$!
{
	archiveVersion = 1;
	classes = {
	};
	objectVersion = 50;
	objects = {

/* Begin PBXBuildFile section */
		18263D2D2590B2D3003C730C /* ProductListViewModel.swift in Sources */ = {isa = PBXBuildFile; fileRef = 18263D2C2590B2D3003C730C /* ProductListViewModel.swift */; };
		18263D7125910488003C730C /* 1_splash.png in Resources */ = {isa = PBXBuildFile; fileRef = 18263D6625910487003C730C /* 1_splash.png */; };
		18263D7225910488003C730C /* 9_before_delete_2_products.png in Resources */ = {isa = PBXBuildFile; fileRef = 18263D6725910487003C730C /* 9_before_delete_2_products.png */; };
		18263D7325910488003C730C /* 3_validation.png in Resources */ = {isa = PBXBuildFile; fileRef = 18263D6825910487003C730C /* 3_validation.png */; };
		18263D7425910488003C730C /* 5_Add_Product.png in Resources */ = {isa = PBXBuildFile; fileRef = 18263D6925910487003C730C /* 5_Add_Product.png */; };
		18263D7525910488003C730C /* 2_login.png in Resources */ = {isa = PBXBuildFile; fileRef = 18263D6A25910487003C730C /* 2_login.png */; };
		18263D7625910488003C730C /* 7_photo_popup_alert.png in Resources */ = {isa = PBXBuildFile; fileRef = 18263D6B25910487003C730C /* 7_photo_popup_alert.png */; };
		18263D7725910488003C730C /* 6_select_photos.png in Resources */ = {isa = PBXBuildFile; fileRef = 18263D6C25910487003C730C /* 6_select_photos.png */; };
		18263D7825910488003C730C /* 8_Product_details.png in Resources */ = {isa = PBXBuildFile; fileRef = 18263D6D25910487003C730C /* 8_Product_details.png */; };
		18263D7925910488003C730C /* 4_no_product_alert_home_scene.png in Resources */ = {isa = PBXBuildFile; fileRef = 18263D6E25910487003C730C /* 4_no_product_alert_home_scene.png */; };
		18263D7A25910488003C730C /* 10_after_delete_1_product.png in Resources */ = {isa = PBXBuildFile; fileRef = 18263D6F25910487003C730C /* 10_after_delete_1_product.png */; };
		18263D7B25910488003C730C /* wireframe.png in Resources */ = {isa = PBXBuildFile; fileRef = 18263D7025910488003C730C /* wireframe.png */; };
		18911CD525907A4B0097636B /* AppDelegate.swift in Sources */ = {isa = PBXBuildFile; fileRef = 18911CD425907A4B0097636B /* AppDelegate.swift */; };
		18911CD725907A4B0097636B /* SceneDelegate.swift in Sources */ = {isa = PBXBuildFile; fileRef = 18911CD625907A4B0097636B /* SceneDelegate.swift */; };
		18911CDC25907A4B0097636B /* Main.storyboard in Resources */ = {isa = PBXBuildFile; fileRef = 18911CDA25907A4B0097636B /* Main.storyboard */; };
		18911CDF25907A4B0097636B /* SynovergeByHp.xcdatamodeld in Sources */ = {isa = PBXBuildFile; fileRef = 18911CDD25907A4B0097636B /* SynovergeByHp.xcdatamodeld */; };
		18911CE125907A550097636B /* Assets.xcassets in Resources */ = {isa = PBXBuildFile; fileRef = 18911CE025907A550097636B /* Assets.xcassets */; };
		18911CE425907A550097636B /* LaunchScreen.storyboard in Resources */ = {isa = PBXBuildFile; fileRef = 18911CE225907A550097636B /* LaunchScreen.storyboard */; };
		18911CF125907E690097636B /* DesignableView.swift in Sources */ = {isa = PBXBuildFile; fileRef = 18911CF025907E690097636B /* DesignableView.swift */; };
		18911CF825907F0B0097636B /* LoginViewController.swift in Sources */ = {isa = PBXBuildFile; fileRef = 18911CF725907F0B0097636B /* LoginViewController.swift */; };
		18911CFD259081440097636B /* DbManager.swift in Sources */ = {isa = PBXBuildFile; fileRef = 18911CFC259081440097636B /* DbManager.swift */; };
		18911D00259081FD0097636B /* LoginViewModel.swift in Sources */ = {isa = PBXBuildFile; fileRef = 18911CFF259081FD0097636B /* LoginViewModel.swift */; };
		18911D04259082360097636B /* Validatable.swift in Sources */ = {isa = PBXBuildFile; fileRef = 18911D03259082360097636B /* Validatable.swift */; };
		18911D26259085E80097636B /* StorageManager.swift in Sources */ = {isa = PBXBuildFile; fileRef = 18911D25259085E80097636B /* StorageManager.swift */; };
		18911D2925908F930097636B /* Helper.swift in Sources */ = {isa = PBXBuildFile; fileRef = 18911D2825908F930097636B /* Helper.swift */; };
		18911D2D259090450097636B /* HomeViewController.swift in Sources */ = {isa = PBXBuildFile; fileRef = 18911D2C259090450097636B /* HomeViewController.swift */; };
		18911D30259090660097636B /* AddProductViewController.swift in Sources */ = {isa = PBXBuildFile; fileRef = 18911D2F259090660097636B /* AddProductViewController.swift */; };
		18911D34259097720097636B /* AddProductViewModel.swift in Sources */ = {isa = PBXBuildFile; fileRef = 18911D33259097720097636B /* AddProductViewModel.swift */; };
		18911D3725909AE80097636B /* ImagePicker.swift in Sources */ = {isa = PBXBuildFile; fileRef = 18911D3625909AE80097636B /* ImagePicker.swift */; };
		18911D3C2590A0B10097636B /* Product+CoreDataClass.swift in Sources */ = {isa = PBXBuildFile; fileRef = 18911D3A2590A0B10097636B /* Product+CoreDataClass.swift */; };
		18911D3D2590A0B10097636B /* Product+CoreDataProperties.swift in Sources */ = {isa = PBXBuildFile; fileRef = 18911D3B2590A0B10097636B /* Product+CoreDataProperties.swift */; };
		18911D4C2590AD3A0097636B /* CollectionViewCell.swift in Sources */ = {isa = PBXBuildFile; fileRef = 18911D4B2590AD3A0097636B /* CollectionViewCell.swift */; };
/* End PBXBuildFile section */

/* Begin PBXFileReference section */
		18263D2C2590B2D3003C730C /* ProductListViewModel.swift */ = {isa = PBXFileReference; lastKnownFileType = sourcecode.swift; path = ProductListViewModel.swift; sourceTree = "<group>"; };
		18263D6625910487003C730C /* 1_splash.png */ = {isa = PBXFileReference; lastKnownFileType = image.png; path = 1_splash.png; sourceTree = "<group>"; };
		18263D6725910487003C730C /* 9_before_delete_2_products.png */ = {isa = PBXFileReference; lastKnownFileType = image.png; path = 9_before_delete_2_products.png; sourceTree = "<group>"; };
		18263D6825910487003C730C /* 3_validation.png */ = {isa = PBXFileReference; lastKnownFileType = image.png; path = 3_validation.png; sourceTree = "<group>"; };
		18263D6925910487003C730C /* 5_Add_Product.png */ = {isa = PBXFileReference; lastKnownFileType = image.png; path = 5_Add_Product.png; sourceTree = "<group>"; };
		18263D6A25910487003C730C /* 2_login.png */ = {isa = PBXFileReference; lastKnownFileType = image.png; path = 2_login.png; sourceTree = "<group>"; };
		18263D6B25910487003C730C /* 7_photo_popup_alert.png */ = {isa = PBXFileReference; lastKnownFileType = image.png; path = 7_photo_popup_alert.png; sourceTree = "<group>"; };
		18263D6C25910487003C730C /* 6_select_photos.png */ = {isa = PBXFileReference; lastKnownFileType = image.png; path = 6_select_photos.png; sourceTree = "<group>"; };
		18263D6D25910487003C730C /* 8_Product_details.png */ = {isa = PBXFileReference; lastKnownFileType = image.png; path = 8_Product_details.png; sourceTree = "<group>"; };
		18263D6E25910487003C730C /* 4_no_product_alert_home_scene.png */ = {isa = PBXFileReference; lastKnownFileType = image.png; path = 4_no_product_alert_home_scene.png; sourceTree = "<group>"; };
		18263D6F25910487003C730C /* 10_after_delete_1_product.png */ = {isa = PBXFileReference; lastKnownFileType = image.png; path = 10_after_delete_1_product.png; sourceTree = "<group>"; };
		18263D7025910488003C730C /* wireframe.png */ = {isa = PBXFileReference; lastKnownFileType = image.png; path = wireframe.png; sourceTree = "<group>"; };
		18911CD125907A4B0097636B /* SynovergeByHp.app */ = {isa = PBXFileReference; explicitFileType = wrapper.application; includeInIndex = 0; path = SynovergeByHp.app; sourceTree = BUILT_PRODUCTS_DIR; };
		18911CD425907A4B0097636B /* AppDelegate.swift */ = {isa = PBXFileReference; lastKnownFileType = sourcecode.swift; path = AppDelegate.swift; sourceTree = "<group>"; };
		18911CD625907A4B0097636B /* SceneDelegate.swift */ = {isa = PBXFileReference; lastKnownFileType = sourcecode.swift; path = SceneDelegate.swift; sourceTree = "<group>"; };
		18911CDB25907A4B0097636B /* Base */ = {isa = PBXFileReference; lastKnownFileType = file.storyboard; name = Base; path = Base.lproj/Main.storyboard; sourceTree = "<group>"; };
		18911CDE25907A4B0097636B /* SynovergeByHp.xcdatamodel */ = {isa = PBXFileReference; lastKnownFileType = wrapper.xcdatamodel; path = SynovergeByHp.xcdatamodel; sourceTree = "<group>"; };
		18911CE025907A550097636B /* Assets.xcassets */ = {isa = PBXFileReference; lastKnownFileType = folder.assetcatalog; path = Assets.xcassets; sourceTree = "<group>"; };
		18911CE325907A550097636B /* Base */ = {isa = PBXFileReference; lastKnownFileType = file.storyboard; name = Base; path = Base.lproj/LaunchScreen.storyboard; sourceTree = "<group>"; };
		18911CE525907A550097636B /* Info.plist */ = {isa = PBXFileReference; lastKnownFileType = text.plist.xml; path = Info.plist; sourceTree = "<group>"; };
		18911CF025907E690097636B /* DesignableView.swift */ = {isa = PBXFileReference; lastKnownFileType = sourcecode.swift; path = DesignableView.swift; sourceTree = "<group>"; };
		18911CF725907F0B0097636B /* LoginViewController.swift */ = {isa = PBXFileReference; lastKnownFileType = sourcecode.swift; path = LoginViewController.swift; sourceTree = "<group>"; };
		18911CFC259081440097636B /* DbManager.swift */ = {isa = PBXFileReference; lastKnownFileType = sourcecode.swift; path = DbManager.swift; sourceTree = "<group>"; };
		18911CFF259081FD0097636B /* LoginViewModel.swift */ = {isa = PBXFileReference; lastKnownFileType = sourcecode.swift; path = LoginViewModel.swift; sourceTree = "<group>"; };
		18911D03259082360097636B /* Validatable.swift */ = {isa = PBXFileReference; lastKnownFileType = sourcecode.swift; path = Validatable.swift; sourceTree = "<group>"; };
		18911D25259085E80097636B /* StorageManager.swift */ = {isa = PBXFileReference; lastKnownFileType = sourcecode.swift; path = StorageManager.swift; sourceTree = "<group>"; };
		18911D2825908F930097636B /* Helper.swift */ = {isa = PBXFileReference; lastKnownFileType = sourcecode.swift; path = Helper.swift; sourceTree = "<group>"; };
		18911D2C259090450097636B /* HomeViewController.swift */ = {isa = PBXFileReference; lastKnownFileType = sourcecode.swift; path = HomeViewController.swift; sourceTree = "<group>"; };
		18911D2F259090660097636B /* AddProductViewController.swift */ = {isa = PBXFileReference; lastKnownFileType = sourcecode.swift; path = AddProductViewController.swift; sourceTree = "<group>"; };
		18911D33259097720097636B /* AddProductViewModel.swift */ = {isa = PBXFileReference; lastKnownFileType = sourcecode.swift; path = AddProductViewModel.swift; sourceTree = "<group>"; };
		18911D3625909AE80097636B /* ImagePicker.swift */ = {isa = PBXFileReference; lastKnownFileType = sourcecode.swift; path = ImagePicker.swift; sourceTree = "<group>"; };
		18911D3A2590A0B10097636B /* Product+CoreDataClass.swift */ = {isa = PBXFileReference; lastKnownFileType = sourcecode.swift; path = "Product+CoreDataClass.swift"; sourceTree = "<group>"; };
		18911D3B2590A0B10097636B /* Product+CoreDataProperties.swift */ = {isa = PBXFileReference; lastKnownFileType = sourcecode.swift; path = "Product+CoreDataProperties.swift"; sourceTree = "<group>"; };
		18911D4B2590AD3A0097636B /* CollectionViewCell.swift */ = {isa = PBXFileReference; lastKnownFileType = sourcecode.swift; path = CollectionViewCell.swift; sourceTree = "<group>"; };
/* End PBXFileReference section */

/* Begin PBXFrameworksBuildPhase section */
		18911CCE25907A4A0097636B /* Frameworks */ = {
			isa = PBXFrameworksBuildPhase;
			buildActionMask = 2147483647;
			files = (
			);
			runOnlyForDeploymentPostprocessing = 0;
		};
/* End PBXFrameworksBuildPhase section */

/* Begin PBXGroup section */
		18263D6525910473003C730C /* Snaps */ = {
			isa = PBXGroup;
			children = (
				18263D6625910487003C730C /* 1_splash.png */,
				18263D6A25910487003C730C /* 2_login.png */,
				18263D6825910487003C730C /* 3_validation.png */,
				18263D6E25910487003C730C /* 4_no_product_alert_home_scene.png */,
				18263D6925910487003C730C /* 5_Add_Product.png */,
				18263D6C25910487003C730C /* 6_select_photos.png */,
				18263D6B25910487003C730C /* 7_photo_popup_alert.png */,
				18263D6D25910487003C730C /* 8_Product_details.png */,
				18263D6725910487003C730C /* 9_before_delete_2_products.png */,
				18263D6F25910487003C730C /* 10_after_delete_1_product.png */,
				18263D7025910488003C730C /* wireframe.png */,
			);
			path = Snaps;
			sourceTree = "<group>";
		};
		18911CC825907A4A0097636B = {
			isa = PBXGroup;
			children = (
				18911CD325907A4B0097636B /* SynovergeByHp */,
				18911CD225907A4B0097636B /* Products */,
			);
			sourceTree = "<group>";
		};
		18911CD225907A4B0097636B /* Products */ = {
			isa = PBXGroup;
			children = (
				18911CD125907A4B0097636B /* SynovergeByHp.app */,
			);
			name = Products;
			sourceTree = "<group>";
		};
		18911CD325907A4B0097636B /* SynovergeByHp */ = {
			isa = PBXGroup;
			children = (
				18263D6525910473003C730C /* Snaps */,
				18911CFA259081070097636B /* ViewModels */,
				18911CF625907EEF0097636B /* Controllers */,
				18911CF425907EA10097636B /* DB */,
				18911CF325907E870097636B /* Resource */,
				18911CEF25907E4C0097636B /* Views */,
				18911CEC25907B9C0097636B /* Utils */,
				18911CE525907A550097636B /* Info.plist */,
			);
			path = SynovergeByHp;
			sourceTree = "<group>";
		};
		18911CEC25907B9C0097636B /* Utils */ = {
			isa = PBXGroup;
			children = (
				18911D2825908F930097636B /* Helper.swift */,
				18911D3625909AE80097636B /* ImagePicker.swift */,
			);
			path = Utils;
			sourceTree = "<group>";
		};
		18911CEF25907E4C0097636B /* Views */ = {
			isa = PBXGroup;
			children = (
				18911CDA25907A4B0097636B /* Main.storyboard */,
				18911CF025907E690097636B /* DesignableView.swift */,
			);
			path = Views;
			sourceTree = "<group>";
		};
		18911CF325907E870097636B /* Resource */ = {
			isa = PBXGroup;
			children = (
				18911CD425907A4B0097636B /* AppDelegate.swift */,
				18911CD625907A4B0097636B /* SceneDelegate.swift */,
				18911CE025907A550097636B /* Assets.xcassets */,
				18911CE225907A550097636B /* LaunchScreen.storyboard */,
			);
			path = Resource;
			sourceTree = "<group>";
		};
		18911CF425907EA10097636B /* DB */ = {
			isa = PBXGroup;
			children = (
				18911D3A2590A0B10097636B /* Product+CoreDataClass.swift */,
				18911D3B2590A0B10097636B /* Product+CoreDataProperties.swift */,
				18911CDD25907A4B0097636B /* SynovergeByHp.xcdatamodeld */,
				18911CFC259081440097636B /* DbManager.swift */,
				18911D25259085E80097636B /* StorageManager.swift */,
			);
			path = DB;
			sourceTree = "<group>";
		};
		18911CF625907EEF0097636B /* Controllers */ = {
			isa = PBXGroup;
			children = (
				18911CF725907F0B0097636B /* LoginViewController.swift */,
				18911D2C259090450097636B /* HomeViewController.swift */,
				18911D2F259090660097636B /* AddProductViewController.swift */,
				18911D4B2590AD3A0097636B /* CollectionViewCell.swift */,
			);
			path = Controllers;
			sourceTree = "<group>";
		};
		18911CFA259081070097636B /* ViewModels */ = {
			isa = PBXGroup;
			children = (
				18911CFF259081FD0097636B /* LoginViewModel.swift */,
				18911D03259082360097636B /* Validatable.swift */,
				18911D33259097720097636B /* AddProductViewModel.swift */,
				18263D2C2590B2D3003C730C /* ProductListViewModel.swift */,
			);
			path = ViewModels;
			sourceTree = "<group>";
		};
/* End PBXGroup section */

/* Begin PBXNativeTarget section */
		18911CD025907A4A0097636B /* SynovergeByHp */ = {
			isa = PBXNativeTarget;
			buildConfigurationList = 18911CE825907A550097636B /* Build configuration list for PBXNativeTarget "SynovergeByHp" */;
			buildPhases = (
				18911CCD25907A4A0097636B /* Sources */,
				18911CCE25907A4A0097636B /* Frameworks */,
				18911CCF25907A4A0097636B /* Resources */,
			);
			buildRules = (
			);
			dependencies = (
			);
			name = SynovergeByHp;
			productName = SynovergeByHp;
			productReference = 18911CD125907A4B0097636B /* SynovergeByHp.app */;
			productType = "com.apple.product-type.application";
		};
/* End PBXNativeTarget section */

/* Begin PBXProject section */
		18911CC925907A4A0097636B /* Project object */ = {
			isa = PBXProject;
			attributes = {
				LastSwiftUpdateCheck = 1210;
				LastUpgradeCheck = 1210;
				TargetAttributes = {
					18911CD025907A4A0097636B = {
						CreatedOnToolsVersion = 12.1;
					};
				};
			};
			buildConfigurationList = 18911CCC25907A4A0097636B /* Build configuration list for PBXProject "SynovergeByHp" */;
			compatibilityVersion = "Xcode 9.3";
			developmentRegion = en;
			hasScannedForEncodings = 0;
			knownRegions = (
				en,
				Base,
			);
			mainGroup = 18911CC825907A4A0097636B;
			productRefGroup = 18911CD225907A4B0097636B /* Products */;
			projectDirPath = "";
			projectRoot = "";
			targets = (
				18911CD025907A4A0097636B /* SynovergeByHp */,
			);
		};
/* End PBXProject section */

/* Begin PBXResourcesBuildPhase section */
		18911CCF25907A4A0097636B /* Resources */ = {
			isa = PBXResourcesBuildPhase;
			buildActionMask = 2147483647;
			files = (
				18263D7925910488003C730C /* 4_no_product_alert_home_scene.png in Resources */,
				18263D7525910488003C730C /* 2_login.png in Resources */,
				18911CE425907A550097636B /* LaunchScreen.storyboard in Resources */,
				18263D7425910488003C730C /* 5_Add_Product.png in Resources */,
				18263D7A25910488003C730C /* 10_after_delete_1_product.png in Resources */,
				18911CE125907A550097636B /* Assets.xcassets in Resources */,
				18263D7125910488003C730C /* 1_splash.png in Resources */,
				18263D7725910488003C730C /* 6_select_photos.png in Resources */,
				18263D7B25910488003C730C /* wireframe.png in Resources */,
				18911CDC25907A4B0097636B /* Main.storyboard in Resources */,
				18263D7625910488003C730C /* 7_photo_popup_alert.png in Resources */,
				18263D7325910488003C730C /* 3_validation.png in Resources */,
				18263D7225910488003C730C /* 9_before_delete_2_products.png in Resources */,
				18263D7825910488003C730C /* 8_Product_details.png in Resources */,
			);
			runOnlyForDeploymentPostprocessing = 0;
		};
/* End PBXResourcesBuildPhase section */

/* Begin PBXSourcesBuildPhase section */
		18911CCD25907A4A0097636B /* Sources */ = {
			isa = PBXSourcesBuildPhase;
			buildActionMask = 2147483647;
			files = (
				18911CF125907E690097636B /* DesignableView.swift in Sources */,
				18911D34259097720097636B /* AddProductViewModel.swift in Sources */,
				18911D4C2590AD3A0097636B /* CollectionViewCell.swift in Sources */,
				18911CD525907A4B0097636B /* AppDelegate.swift in Sources */,
				18911D30259090660097636B /* AddProductViewController.swift in Sources */,
				18911CD725907A4B0097636B /* SceneDelegate.swift in Sources */,
				18911D26259085E80097636B /* StorageManager.swift in Sources */,
				18911CFD259081440097636B /* DbManager.swift in Sources */,
				18911CF825907F0B0097636B /* LoginViewController.swift in Sources */,
				18911D3C2590A0B10097636B /* Product+CoreDataClass.swift in Sources */,
				18911D04259082360097636B /* Validatable.swift in Sources */,
				18911D3725909AE80097636B /* ImagePicker.swift in Sources */,
				18911D2D259090450097636B /* HomeViewController.swift in Sources */,
				18911D2925908F930097636B /* Helper.swift in Sources */,
				18263D2D2590B2D3003C730C /* ProductListViewModel.swift in Sources */,
				18911CDF25907A4B0097636B /* SynovergeByHp.xcdatamodeld in Sources */,
				18911D3D2590A0B10097636B /* Product+CoreDataProperties.swift in Sources */,
				18911D00259081FD0097636B /* LoginViewModel.swift in Sources */,
			);
			runOnlyForDeploymentPostprocessing = 0;
		};
/* End PBXSourcesBuildPhase section */

/* Begin PBXVariantGroup section */
		18911CDA25907A4B0097636B /* Main.storyboard */ = {
			isa = PBXVariantGroup;
			children = (
				18911CDB25907A4B0097636B /* Base */,
			);
			name = Main.storyboard;
			sourceTree = "<group>";
		};
		18911CE225907A550097636B /* LaunchScreen.storyboard */ = {
			isa = PBXVariantGroup;
			children = (
				18911CE325907A550097636B /* Base */,
			);
			name = LaunchScreen.storyboard;
			sourceTree = "<group>";
		};
/* End PBXVariantGroup section */

/* Begin XCBuildConfiguration section */
		18911CE625907A550097636B /* Debug */ = {
			isa = XCBuildConfiguration;
			buildSettings = {
				ALWAYS_SEARCH_USER_PATHS = NO;
				CLANG_ANALYZER_NONNULL = YES;
				CLANG_ANALYZER_NUMBER_OBJECT_CONVERSION = YES_AGGRESSIVE;
				CLANG_CXX_LANGUAGE_STANDARD = "gnu++14";
				CLANG_CXX_LIBRARY = "libc++";
				CLANG_ENABLE_MODULES = YES;
				CLANG_ENABLE_OBJC_ARC = YES;
				CLANG_ENABLE_OBJC_WEAK = YES;
				CLANG_WARN_BLOCK_CAPTURE_AUTORELEASING = YES;
				CLANG_WARN_BOOL_CONVERSION = YES;
				CLANG_WARN_COMMA = YES;
				CLANG_WARN_CONSTANT_CONVERSION = YES;
				CLANG_WARN_DEPRECATED_OBJC_IMPLEMENTATIONS = YES;
				CLANG_WARN_DIRECT_OBJC_ISA_USAGE = YES_ERROR;
				CLANG_WARN_DOCUMENTATION_COMMENTS = YES;
				CLANG_WARN_EMPTY_BODY = YES;
				CLANG_WARN_ENUM_CONVERSION = YES;
				CLANG_WARN_INFINITE_RECURSION = YES;
				CLANG_WARN_INT_CONVERSION = YES;
				CLANG_WARN_NON_LITERAL_NULL_CONVERSION = YES;
				CLANG_WARN_OBJC_IMPLICIT_RETAIN_SELF = YES;
				CLANG_WARN_OBJC_LITERAL_CONVERSION = YES;
				CLANG_WARN_OBJC_ROOT_CLASS = YES_ERROR;
				CLANG_WARN_QUOTED_INCLUDE_IN_FRAMEWORK_HEADER = YES;
				CLANG_WARN_RANGE_LOOP_ANALYSIS = YES;
				CLANG_WARN_STRICT_PROTOTYPES = YES;
				CLANG_WARN_SUSPICIOUS_MOVE = YES;
				CLANG_WARN_UNGUARDED_AVAILABILITY = YES_AGGRESSIVE;
				CLANG_WARN_UNREACHABLE_CODE = YES;
				CLANG_WARN__DUPLICATE_METHOD_MATCH = YES;
				COPY_PHASE_STRIP = NO;
				DEBUG_INFORMATION_FORMAT = dwarf;
				ENABLE_STRICT_OBJC_MSGSEND = YES;
				ENABLE_TESTABILITY = YES;
				GCC_C_LANGUAGE_STANDARD = gnu11;
				GCC_DYNAMIC_NO_PIC = NO;
				GCC_NO_COMMON_BLOCKS = YES;
				GCC_OPTIMIZATION_LEVEL = 0;
				GCC_PREPROCESSOR_DEFINITIONS = (
					"DEBUG=1",
					"$(inherited)",
				);
				GCC_WARN_64_TO_32_BIT_CONVERSION = YES;
				GCC_WARN_ABOUT_RETURN_TYPE = YES_ERROR;
				GCC_WARN_UNDECLARED_SELECTOR = YES;
				GCC_WARN_UNINITIALIZED_AUTOS = YES_AGGRESSIVE;
				GCC_WARN_UNUSED_FUNCTION = YES;
				GCC_WARN_UNUSED_VARIABLE = YES;
				IPHONEOS_DEPLOYMENT_TARGET = 14.1;
				MTL_ENABLE_DEBUG_INFO = INCLUDE_SOURCE;
				MTL_FAST_MATH = YES;
				ONLY_ACTIVE_ARCH = YES;
				SDKROOT = iphoneos;
				SWIFT_ACTIVE_COMPILATION_CONDITIONS = DEBUG;
				SWIFT_OPTIMIZATION_LEVEL = "-Onone";
			};
			name = Debug;
		};
		18911CE725907A550097636B /* Release */ = {
			isa = XCBuildConfiguration;
			buildSettings = {
				ALWAYS_SEARCH_USER_PATHS = NO;
				CLANG_ANALYZER_NONNULL = YES;
				CLANG_ANALYZER_NUMBER_OBJECT_CONVERSION = YES_AGGRESSIVE;
				CLANG_CXX_LANGUAGE_STANDARD = "gnu++14";
				CLANG_CXX_LIBRARY = "libc++";
				CLANG_ENABLE_MODULES = YES;
				CLANG_ENABLE_OBJC_ARC = YES;
				CLANG_ENABLE_OBJC_WEAK = YES;
				CLANG_WARN_BLOCK_CAPTURE_AUTORELEASING = YES;
				CLANG_WARN_BOOL_CONVERSION = YES;
				CLANG_WARN_COMMA = YES;
				CLANG_WARN_CONSTANT_CONVERSION = YES;
				CLANG_WARN_DEPRECATED_OBJC_IMPLEMENTATIONS = YES;
				CLANG_WARN_DIRECT_OBJC_ISA_USAGE = YES_ERROR;
				CLANG_WARN_DOCUMENTATION_COMMENTS = YES;
				CLANG_WARN_EMPTY_BODY = YES;
				CLANG_WARN_ENUM_CONVERSION = YES;
				CLANG_WARN_INFINITE_RECURSION = YES;
				CLANG_WARN_INT_CONVERSION = YES;
				CLANG_WARN_NON_LITERAL_NULL_CONVERSION = YES;
				CLANG_WARN_OBJC_IMPLICIT_RETAIN_SELF = YES;
				CLANG_WARN_OBJC_LITERAL_CONVERSION = YES;
				CLANG_WARN_OBJC_ROOT_CLASS = YES_ERROR;
				CLANG_WARN_QUOTED_INCLUDE_IN_FRAMEWORK_HEADER = YES;
				CLANG_WARN_RANGE_LOOP_ANALYSIS = YES;
				CLANG_WARN_STRICT_PROTOTYPES = YES;
				CLANG_WARN_SUSPICIOUS_MOVE = YES;
				CLANG_WARN_UNGUARDED_AVAILABILITY = YES_AGGRESSIVE;
				CLANG_WARN_UNREACHABLE_CODE = YES;
				CLANG_WARN__DUPLICATE_METHOD_MATCH = YES;
				COPY_PHASE_STRIP = NO;
				DEBUG_INFORMATION_FORMAT = "dwarf-with-dsym";
				ENABLE_NS_ASSERTIONS = NO;
				ENABLE_STRICT_OBJC_MSGSEND = YES;
				GCC_C_LANGUAGE_STANDARD = gnu11;
				GCC_NO_COMMON_BLOCKS = YES;
				GCC_WARN_64_TO_32_BIT_CONVERSION = YES;
				GCC_WARN_ABOUT_RETURN_TYPE = YES_ERROR;
				GCC_WARN_UNDECLARED_SELECTOR = YES;
				GCC_WARN_UNINITIALIZED_AUTOS = YES_AGGRESSIVE;
				GCC_WARN_UNUSED_FUNCTION = YES;
				GCC_WARN_UNUSED_VARIABLE = YES;
				IPHONEOS_DEPLOYMENT_TARGET = 14.1;
				MTL_ENABLE_DEBUG_INFO = NO;
				MTL_FAST_MATH = YES;
				SDKROOT = iphoneos;
				SWIFT_COMPILATION_MODE = wholemodule;
				SWIFT_OPTIMIZATION_LEVEL = "-O";
				VALIDATE_PRODUCT = YES;
			};
			name = Release;
		};
		18911CE925907A550097636B /* Debug */ = {
			isa = XCBuildConfiguration;
			buildSettings = {
				ASSETCATALOG_COMPILER_APPICON_NAME = AppIcon;
				ASSETCATALOG_COMPILER_GLOBAL_ACCENT_COLOR_NAME = AccentColor;
				CODE_SIGN_STYLE = Automatic;
				DEVELOPMENT_TEAM = 7TTQCLNJRT;
				INFOPLIST_FILE = SynovergeByHp/Info.plist;
				LD_RUNPATH_SEARCH_PATHS = (
					"$(inherited)",
					"@executable_path/Frameworks",
				);
				PRODUCT_BUNDLE_IDENTIFIER = com.Synoverge.hp.SynovergeByHp;
				PRODUCT_NAME = "$(TARGET_NAME)";
				SWIFT_VERSION = 5.0;
				TARGETED_DEVICE_FAMILY = "1,2";
			};
			name = Debug;
		};
		18911CEA25907A550097636B /* Release */ = {
			isa = XCBuildConfiguration;
			buildSettings = {
				ASSETCATALOG_COMPILER_APPICON_NAME = AppIcon;
				ASSETCATALOG_COMPILER_GLOBAL_ACCENT_COLOR_NAME = AccentColor;
				CODE_SIGN_STYLE = Automatic;
				DEVELOPMENT_TEAM = 7TTQCLNJRT;
				INFOPLIST_FILE = SynovergeByHp/Info.plist;
				LD_RUNPATH_SEARCH_PATHS = (
					"$(inherited)",
					"@executable_path/Frameworks",
				);
				PRODUCT_BUNDLE_IDENTIFIER = com.Synoverge.hp.SynovergeByHp;
				PRODUCT_NAME = "$(TARGET_NAME)";
				SWIFT_VERSION = 5.0;
				TARGETED_DEVICE_FAMILY = "1,2";
			};
			name = Release;
		};
/* End XCBuildConfiguration section */

/* Begin XCConfigurationList section */
		18911CCC25907A4A0097636B /* Build configuration list for PBXProject "SynovergeByHp" */ = {
			isa = XCConfigurationList;
			buildConfigurations = (
				18911CE625907A550097636B /* Debug */,
				18911CE725907A550097636B /* Release */,
			);
			defaultConfigurationIsVisible = 0;
			defaultConfigurationName = Release;
		};
		18911CE825907A550097636B /* Build configuration list for PBXNativeTarget "SynovergeByHp" */ = {
			isa = XCConfigurationList;
			buildConfigurations = (
				18911CE925907A550097636B /* Debug */,
				18911CEA25907A550097636B /* Release */,
			);
			defaultConfigurationIsVisible = 0;
			defaultConfigurationName = Release;
		};
/* End XCConfigurationList section */

/* Begin XCVersionGroup section */
		18911CDD25907A4B0097636B /* SynovergeByHp.xcdatamodeld */ = {
			isa = XCVersionGroup;
			children = (
				18911CDE25907A4B0097636B /* SynovergeByHp.xcdatamodel */,
			);
			currentVersion = 18911CDE25907A4B0097636B /* SynovergeByHp.xcdatamodel */;
			path = SynovergeByHp.xcdatamodeld;
			sourceTree = "<group>";
			versionGroupType = wrapper.xcdatamodel;
		};
/* End XCVersionGroup section */
	};
	rootObject = 18911CC925907A4A0097636B /* Project object */;
}
